// !$*UTF8*$!
{
	archiveVersion = 1;
	classes = {
	};
	objectVersion = 54;
	objects = {

/* Begin PBXBuildFile section */
		058557D9273AAEEB004C7B11 /* Preview Assets.xcassets in Resources */ = {isa = PBXBuildFile; fileRef = 058557D8273AAEEB004C7B11 /* Preview Assets.xcassets */; };
		2152FB042600AC8F00CF470E /* iOSApp.swift in Sources */ = {isa = PBXBuildFile; fileRef = 2152FB032600AC8F00CF470E /* iOSApp.swift */; };
		754882192E08593D003A7BF0 /* Assets.xcassets in Resources */ = {isa = PBXBuildFile; fileRef = 759673C32E0854A10019CD42 /* Assets.xcassets */; };
		7555FF83242A565900829871 /* RootView.swift in Sources */ = {isa = PBXBuildFile; fileRef = 7555FF82242A565900829871 /* RootView.swift */; };
		7586FA482E0C6670009CEA60 /* AnalyticsImpl.swift in Sources */ = {isa = PBXBuildFile; fileRef = 7586FA472E0C666A009CEA60 /* AnalyticsImpl.swift */; };
		7586FA4A2E0C6707009CEA60 /* FirebaseAnalytics in Frameworks */ = {isa = PBXBuildFile; productRef = 7586FA492E0C6707009CEA60 /* FirebaseAnalytics */; };
		7586FA4C2E0C6707009CEA60 /* FirebaseAnalyticsCore in Frameworks */ = {isa = PBXBuildFile; productRef = 7586FA4B2E0C6707009CEA60 /* FirebaseAnalyticsCore */; };
		7596736B2E082EDD0019CD42 /* MviViewModelWrapper.swift in Sources */ = {isa = PBXBuildFile; fileRef = 7596736A2E082EDB0019CD42 /* MviViewModelWrapper.swift */; };
		7596739C2E0848660019CD42 /* Preview Assets.xcassets in Resources */ = {isa = PBXBuildFile; fileRef = 7596739A2E0848660019CD42 /* Preview Assets.xcassets */; };
		7596739D2E0848660019CD42 /* ReviewCardView.swift in Sources */ = {isa = PBXBuildFile; fileRef = 7596738E2E0848660019CD42 /* ReviewCardView.swift */; };
		7596739E2E0848660019CD42 /* AvatarImageView.swift in Sources */ = {isa = PBXBuildFile; fileRef = 759673902E0848660019CD42 /* AvatarImageView.swift */; };
		7596739F2E0848660019CD42 /* ExtColor.swift in Sources */ = {isa = PBXBuildFile; fileRef = 7596736D2E0848660019CD42 /* ExtColor.swift */; };
		759673A02E0848660019CD42 /* ContentCardView.swift in Sources */ = {isa = PBXBuildFile; fileRef = 7596738D2E0848660019CD42 /* ContentCardView.swift */; };
		759673A12E0848660019CD42 /* ContentViewModel.swift in Sources */ = {isa = PBXBuildFile; fileRef = 759673842E0848660019CD42 /* ContentViewModel.swift */; };
		759673A22E0848660019CD42 /* TabBarItemView.swift in Sources */ = {isa = PBXBuildFile; fileRef = 759673752E0848660019CD42 /* TabBarItemView.swift */; };
		759673A32E0848660019CD42 /* InputField.swift in Sources */ = {isa = PBXBuildFile; fileRef = 759673952E0848660019CD42 /* InputField.swift */; };
		759673A42E0848660019CD42 /* ProfileView.swift in Sources */ = {isa = PBXBuildFile; fileRef = 759673792E0848660019CD42 /* ProfileView.swift */; };
		759673A52E0848660019CD42 /* UserModel.swift in Sources */ = {isa = PBXBuildFile; fileRef = 759673712E0848660019CD42 /* UserModel.swift */; };
		759673A62E0848660019CD42 /* ErrorPlaceholderImageView.swift in Sources */ = {isa = PBXBuildFile; fileRef = 7596738C2E0848660019CD42 /* ErrorPlaceholderImageView.swift */; };
		759673A72E0848660019CD42 /* RegistrationView.swift in Sources */ = {isa = PBXBuildFile; fileRef = 759673872E0848660019CD42 /* RegistrationView.swift */; };
		759673A82E0848660019CD42 /* ProfileHeaderView.swift in Sources */ = {isa = PBXBuildFile; fileRef = 7596738F2E0848660019CD42 /* ProfileHeaderView.swift */; };
		759673A92E0848660019CD42 /* UsersViewModel.swift in Sources */ = {isa = PBXBuildFile; fileRef = 7596737C2E0848660019CD42 /* UsersViewModel.swift */; };
		759673AA2E0848660019CD42 /* RegViewModel.swift in Sources */ = {isa = PBXBuildFile; fileRef = 759673862E0848660019CD42 /* RegViewModel.swift */; };
		759673AB2E0848660019CD42 /* ImageCache.swift in Sources */ = {isa = PBXBuildFile; fileRef = 7596736E2E0848660019CD42 /* ImageCache.swift */; };
		759673AC2E0848660019CD42 /* ContentModel.swift in Sources */ = {isa = PBXBuildFile; fileRef = 759673722E0848660019CD42 /* ContentModel.swift */; };
		759673AD2E0848660019CD42 /* LoginViewModel.swift in Sources */ = {isa = PBXBuildFile; fileRef = 7596738A2E0848660019CD42 /* LoginViewModel.swift */; };
		759673AE2E0848660019CD42 /* UserRowView.swift in Sources */ = {isa = PBXBuildFile; fileRef = 759673982E0848660019CD42 /* UserRowView.swift */; };
		759673AF2E0848660019CD42 /* CachedAsyncImage.swift in Sources */ = {isa = PBXBuildFile; fileRef = 759673912E0848660019CD42 /* CachedAsyncImage.swift */; };
		759673B02E0848660019CD42 /* AvatarPickerView.swift in Sources */ = {isa = PBXBuildFile; fileRef = 759673932E0848660019CD42 /* AvatarPickerView.swift */; };
		759673B12E0848660019CD42 /* PrimaryButton.swift in Sources */ = {isa = PBXBuildFile; fileRef = 759673942E0848660019CD42 /* PrimaryButton.swift */; };
		759673B22E0848660019CD42 /* ThemesView.swift in Sources */ = {isa = PBXBuildFile; fileRef = 7596737E2E0848660019CD42 /* ThemesView.swift */; };
		759673B32E0848660019CD42 /* ThemesViewModel.swift in Sources */ = {isa = PBXBuildFile; fileRef = 7596737F2E0848660019CD42 /* ThemesViewModel.swift */; };
		759673B42E0848660019CD42 /* ProfileViewModel.swift in Sources */ = {isa = PBXBuildFile; fileRef = 759673782E0848660019CD42 /* ProfileViewModel.swift */; };
		759673B52E0848660019CD42 /* ContentListView.swift in Sources */ = {isa = PBXBuildFile; fileRef = 759673832E0848660019CD42 /* ContentListView.swift */; };
		759673B62E0848660019CD42 /* TopicCardView.swift in Sources */ = {isa = PBXBuildFile; fileRef = 759673962E0848660019CD42 /* TopicCardView.swift */; };
		759673B72E0848660019CD42 /* ReviewModel.swift in Sources */ = {isa = PBXBuildFile; fileRef = 759673702E0848660019CD42 /* ReviewModel.swift */; };
		759673B82E0848660019CD42 /* LoginView.swift in Sources */ = {isa = PBXBuildFile; fileRef = 759673892E0848660019CD42 /* LoginView.swift */; };
		759673B92E0848660019CD42 /* TabItem.swift in Sources */ = {isa = PBXBuildFile; fileRef = 759673762E0848660019CD42 /* TabItem.swift */; };
		759673BA2E0848660019CD42 /* ExtView.swift in Sources */ = {isa = PBXBuildFile; fileRef = 7596736C2E0848660019CD42 /* ExtView.swift */; };
		759673BB2E0848660019CD42 /* SearchBarView.swift in Sources */ = {isa = PBXBuildFile; fileRef = 759673922E0848660019CD42 /* SearchBarView.swift */; };
		759673BD2E0848660019CD42 /* ThemeModel.swift in Sources */ = {isa = PBXBuildFile; fileRef = 759673732E0848660019CD42 /* ThemeModel.swift */; };
		759673BE2E0848660019CD42 /* MainTabView.swift in Sources */ = {isa = PBXBuildFile; fileRef = 759673812E0848660019CD42 /* MainTabView.swift */; };
		759673BF2E0848660019CD42 /* UserListView.swift in Sources */ = {isa = PBXBuildFile; fileRef = 7596737B2E0848660019CD42 /* UserListView.swift */; };
		759673C22E084B110019CD42 /* AuthView.swift in Sources */ = {isa = PBXBuildFile; fileRef = 759673C12E084B090019CD42 /* AuthView.swift */; };
		75DF1B232DFDA7AD00F2FDF4 /* GoogleService-Info.plist in Resources */ = {isa = PBXBuildFile; fileRef = 75DF1B222DFDA7AD00F2FDF4 /* GoogleService-Info.plist */; };
		75DF1B262DFDA84300F2FDF4 /* FirebaseAnalytics in Frameworks */ = {isa = PBXBuildFile; productRef = 75DF1B252DFDA84300F2FDF4 /* FirebaseAnalytics */; };
		75DF1B282DFDA84300F2FDF4 /* FirebaseCrashlytics in Frameworks */ = {isa = PBXBuildFile; productRef = 75DF1B272DFDA84300F2FDF4 /* FirebaseCrashlytics */; };
		BAD38A2F2E0EDB4A002410B9 /* ReviewListView.swift in Sources */ = {isa = PBXBuildFile; fileRef = BAD38A2E2E0EDB44002410B9 /* ReviewListView.swift */; };
		BAD38A312E0EEDB3002410B9 /* AppRoute.swift in Sources */ = {isa = PBXBuildFile; fileRef = BAD38A302E0EEDAF002410B9 /* AppRoute.swift */; };
		BAD38A342E0EEE0B002410B9 /* AppRouter.swift in Sources */ = {isa = PBXBuildFile; fileRef = BAD38A332E0EEE07002410B9 /* AppRouter.swift */; };
		BAEA93C12E0C5BCE00DF7BB6 /* UserInfoView.swift in Sources */ = {isa = PBXBuildFile; fileRef = BAEA93C02E0C5BC900DF7BB6 /* UserInfoView.swift */; };
		BAEA93C32E0C748E00DF7BB6 /* ExtFeatureError.swift in Sources */ = {isa = PBXBuildFile; fileRef = BAEA93C22E0C748600DF7BB6 /* ExtFeatureError.swift */; };
		BAEA93C52E0D7A5100DF7BB6 /* TopicView.swift in Sources */ = {isa = PBXBuildFile; fileRef = BAEA93C42E0D7A3C00DF7BB6 /* TopicView.swift */; };
/* End PBXBuildFile section */

/* Begin PBXCopyFilesBuildPhase section */
		7555FFB4242A642300829871 /* Embed Frameworks */ = {
			isa = PBXCopyFilesBuildPhase;
			buildActionMask = 2147483647;
			dstPath = "";
			dstSubfolderSpec = 10;
			files = (
			);
			name = "Embed Frameworks";
			runOnlyForDeploymentPostprocessing = 0;
		};
/* End PBXCopyFilesBuildPhase section */

/* Begin PBXFileReference section */
		058557D8273AAEEB004C7B11 /* Preview Assets.xcassets */ = {isa = PBXFileReference; lastKnownFileType = folder.assetcatalog; path = "Preview Assets.xcassets"; sourceTree = "<group>"; };
		2152FB032600AC8F00CF470E /* iOSApp.swift */ = {isa = PBXFileReference; lastKnownFileType = sourcecode.swift; path = iOSApp.swift; sourceTree = "<group>"; };
		7555FF7B242A565900829871 /* iosApp.app */ = {isa = PBXFileReference; explicitFileType = wrapper.application; includeInIndex = 0; path = iosApp.app; sourceTree = BUILT_PRODUCTS_DIR; };
		7555FF82242A565900829871 /* RootView.swift */ = {isa = PBXFileReference; lastKnownFileType = sourcecode.swift; path = RootView.swift; sourceTree = "<group>"; };
		7555FF8C242A565B00829871 /* Info.plist */ = {isa = PBXFileReference; lastKnownFileType = text.plist.xml; path = Info.plist; sourceTree = "<group>"; };
		7586FA472E0C666A009CEA60 /* AnalyticsImpl.swift */ = {isa = PBXFileReference; lastKnownFileType = sourcecode.swift; path = AnalyticsImpl.swift; sourceTree = "<group>"; };
		7596736A2E082EDB0019CD42 /* MviViewModelWrapper.swift */ = {isa = PBXFileReference; lastKnownFileType = sourcecode.swift; path = MviViewModelWrapper.swift; sourceTree = "<group>"; };
		7596736C2E0848660019CD42 /* ExtView.swift */ = {isa = PBXFileReference; lastKnownFileType = sourcecode.swift; path = ExtView.swift; sourceTree = "<group>"; };
		7596736D2E0848660019CD42 /* ExtColor.swift */ = {isa = PBXFileReference; lastKnownFileType = sourcecode.swift; path = ExtColor.swift; sourceTree = "<group>"; };
		7596736E2E0848660019CD42 /* ImageCache.swift */ = {isa = PBXFileReference; lastKnownFileType = sourcecode.swift; path = ImageCache.swift; sourceTree = "<group>"; };
		759673702E0848660019CD42 /* ReviewModel.swift */ = {isa = PBXFileReference; lastKnownFileType = sourcecode.swift; path = ReviewModel.swift; sourceTree = "<group>"; };
		759673712E0848660019CD42 /* UserModel.swift */ = {isa = PBXFileReference; lastKnownFileType = sourcecode.swift; path = UserModel.swift; sourceTree = "<group>"; };
		759673722E0848660019CD42 /* ContentModel.swift */ = {isa = PBXFileReference; lastKnownFileType = sourcecode.swift; path = ContentModel.swift; sourceTree = "<group>"; };
		759673732E0848660019CD42 /* ThemeModel.swift */ = {isa = PBXFileReference; lastKnownFileType = sourcecode.swift; path = ThemeModel.swift; sourceTree = "<group>"; };
		759673752E0848660019CD42 /* TabBarItemView.swift */ = {isa = PBXFileReference; lastKnownFileType = sourcecode.swift; path = TabBarItemView.swift; sourceTree = "<group>"; };
		759673762E0848660019CD42 /* TabItem.swift */ = {isa = PBXFileReference; lastKnownFileType = sourcecode.swift; path = TabItem.swift; sourceTree = "<group>"; };
		759673782E0848660019CD42 /* ProfileViewModel.swift */ = {isa = PBXFileReference; lastKnownFileType = sourcecode.swift; path = ProfileViewModel.swift; sourceTree = "<group>"; };
		759673792E0848660019CD42 /* ProfileView.swift */ = {isa = PBXFileReference; lastKnownFileType = sourcecode.swift; path = ProfileView.swift; sourceTree = "<group>"; };
		7596737B2E0848660019CD42 /* UserListView.swift */ = {isa = PBXFileReference; lastKnownFileType = sourcecode.swift; path = UserListView.swift; sourceTree = "<group>"; };
		7596737C2E0848660019CD42 /* UsersViewModel.swift */ = {isa = PBXFileReference; lastKnownFileType = sourcecode.swift; path = UsersViewModel.swift; sourceTree = "<group>"; };
		7596737E2E0848660019CD42 /* ThemesView.swift */ = {isa = PBXFileReference; lastKnownFileType = sourcecode.swift; path = ThemesView.swift; sourceTree = "<group>"; };
		7596737F2E0848660019CD42 /* ThemesViewModel.swift */ = {isa = PBXFileReference; lastKnownFileType = sourcecode.swift; path = ThemesViewModel.swift; sourceTree = "<group>"; };
		759673812E0848660019CD42 /* MainTabView.swift */ = {isa = PBXFileReference; lastKnownFileType = sourcecode.swift; path = MainTabView.swift; sourceTree = "<group>"; };
		759673832E0848660019CD42 /* ContentListView.swift */ = {isa = PBXFileReference; lastKnownFileType = sourcecode.swift; path = ContentListView.swift; sourceTree = "<group>"; };
		759673842E0848660019CD42 /* ContentViewModel.swift */ = {isa = PBXFileReference; lastKnownFileType = sourcecode.swift; path = ContentViewModel.swift; sourceTree = "<group>"; };
		759673862E0848660019CD42 /* RegViewModel.swift */ = {isa = PBXFileReference; lastKnownFileType = sourcecode.swift; path = RegViewModel.swift; sourceTree = "<group>"; };
		759673872E0848660019CD42 /* RegistrationView.swift */ = {isa = PBXFileReference; lastKnownFileType = sourcecode.swift; path = RegistrationView.swift; sourceTree = "<group>"; };
		759673892E0848660019CD42 /* LoginView.swift */ = {isa = PBXFileReference; lastKnownFileType = sourcecode.swift; path = LoginView.swift; sourceTree = "<group>"; };
		7596738A2E0848660019CD42 /* LoginViewModel.swift */ = {isa = PBXFileReference; lastKnownFileType = sourcecode.swift; path = LoginViewModel.swift; sourceTree = "<group>"; };
		7596738C2E0848660019CD42 /* ErrorPlaceholderImageView.swift */ = {isa = PBXFileReference; lastKnownFileType = sourcecode.swift; path = ErrorPlaceholderImageView.swift; sourceTree = "<group>"; };
		7596738D2E0848660019CD42 /* ContentCardView.swift */ = {isa = PBXFileReference; lastKnownFileType = sourcecode.swift; path = ContentCardView.swift; sourceTree = "<group>"; };
		7596738E2E0848660019CD42 /* ReviewCardView.swift */ = {isa = PBXFileReference; lastKnownFileType = sourcecode.swift; path = ReviewCardView.swift; sourceTree = "<group>"; };
		7596738F2E0848660019CD42 /* ProfileHeaderView.swift */ = {isa = PBXFileReference; lastKnownFileType = sourcecode.swift; path = ProfileHeaderView.swift; sourceTree = "<group>"; };
		759673902E0848660019CD42 /* AvatarImageView.swift */ = {isa = PBXFileReference; lastKnownFileType = sourcecode.swift; path = AvatarImageView.swift; sourceTree = "<group>"; };
		759673912E0848660019CD42 /* CachedAsyncImage.swift */ = {isa = PBXFileReference; lastKnownFileType = sourcecode.swift; path = CachedAsyncImage.swift; sourceTree = "<group>"; };
		759673922E0848660019CD42 /* SearchBarView.swift */ = {isa = PBXFileReference; lastKnownFileType = sourcecode.swift; path = SearchBarView.swift; sourceTree = "<group>"; };
		759673932E0848660019CD42 /* AvatarPickerView.swift */ = {isa = PBXFileReference; lastKnownFileType = sourcecode.swift; path = AvatarPickerView.swift; sourceTree = "<group>"; };
		759673942E0848660019CD42 /* PrimaryButton.swift */ = {isa = PBXFileReference; lastKnownFileType = sourcecode.swift; path = PrimaryButton.swift; sourceTree = "<group>"; };
		759673952E0848660019CD42 /* InputField.swift */ = {isa = PBXFileReference; lastKnownFileType = sourcecode.swift; path = InputField.swift; sourceTree = "<group>"; };
		759673962E0848660019CD42 /* TopicCardView.swift */ = {isa = PBXFileReference; lastKnownFileType = sourcecode.swift; path = TopicCardView.swift; sourceTree = "<group>"; };
		759673982E0848660019CD42 /* UserRowView.swift */ = {isa = PBXFileReference; lastKnownFileType = sourcecode.swift; path = UserRowView.swift; sourceTree = "<group>"; };
		7596739A2E0848660019CD42 /* Preview Assets.xcassets */ = {isa = PBXFileReference; lastKnownFileType = folder.assetcatalog; path = "Preview Assets.xcassets"; sourceTree = "<group>"; };
		759673C12E084B090019CD42 /* AuthView.swift */ = {isa = PBXFileReference; lastKnownFileType = sourcecode.swift; path = AuthView.swift; sourceTree = "<group>"; };
		759673C32E0854A10019CD42 /* Assets.xcassets */ = {isa = PBXFileReference; lastKnownFileType = folder.assetcatalog; path = Assets.xcassets; sourceTree = "<group>"; };
		75DF1B222DFDA7AD00F2FDF4 /* GoogleService-Info.plist */ = {isa = PBXFileReference; lastKnownFileType = text.plist.xml; path = "GoogleService-Info.plist"; sourceTree = "<group>"; };
		BAD38A2E2E0EDB44002410B9 /* ReviewListView.swift */ = {isa = PBXFileReference; lastKnownFileType = sourcecode.swift; path = ReviewListView.swift; sourceTree = "<group>"; };
		BAD38A302E0EEDAF002410B9 /* AppRoute.swift */ = {isa = PBXFileReference; lastKnownFileType = sourcecode.swift; path = AppRoute.swift; sourceTree = "<group>"; };
		BAD38A332E0EEE07002410B9 /* AppRouter.swift */ = {isa = PBXFileReference; lastKnownFileType = sourcecode.swift; path = AppRouter.swift; sourceTree = "<group>"; };
		BAEA93C02E0C5BC900DF7BB6 /* UserInfoView.swift */ = {isa = PBXFileReference; lastKnownFileType = sourcecode.swift; path = UserInfoView.swift; sourceTree = "<group>"; };
		BAEA93C22E0C748600DF7BB6 /* ExtFeatureError.swift */ = {isa = PBXFileReference; lastKnownFileType = sourcecode.swift; path = ExtFeatureError.swift; sourceTree = "<group>"; };
		BAEA93C42E0D7A3C00DF7BB6 /* TopicView.swift */ = {isa = PBXFileReference; lastKnownFileType = sourcecode.swift; path = TopicView.swift; sourceTree = "<group>"; };
/* End PBXFileReference section */

/* Begin PBXFrameworksBuildPhase section */
		7555FF78242A565900829871 /* Frameworks */ = {
			isa = PBXFrameworksBuildPhase;
			buildActionMask = 2147483647;
			files = (
				75DF1B262DFDA84300F2FDF4 /* FirebaseAnalytics in Frameworks */,
				75DF1B282DFDA84300F2FDF4 /* FirebaseCrashlytics in Frameworks */,
				7586FA4A2E0C6707009CEA60 /* FirebaseAnalytics in Frameworks */,
				7586FA4C2E0C6707009CEA60 /* FirebaseAnalyticsCore in Frameworks */,
			);
			runOnlyForDeploymentPostprocessing = 0;
		};
/* End PBXFrameworksBuildPhase section */

/* Begin PBXGroup section */
		058557D7273AAEEB004C7B11 /* Preview Content */ = {
			isa = PBXGroup;
			children = (
				058557D8273AAEEB004C7B11 /* Preview Assets.xcassets */,
			);
			path = "Preview Content";
			sourceTree = "<group>";
		};
		7555FF72242A565900829871 = {
			isa = PBXGroup;
			children = (
				7555FF7D242A565900829871 /* iosApp */,
				7555FF7C242A565900829871 /* Products */,
				7555FFB0242A642200829871 /* Frameworks */,
			);
			sourceTree = "<group>";
		};
		7555FF7C242A565900829871 /* Products */ = {
			isa = PBXGroup;
			children = (
				7555FF7B242A565900829871 /* iosApp.app */,
			);
			name = Products;
			sourceTree = "<group>";
		};
		7555FF7D242A565900829871 /* iosApp */ = {
			isa = PBXGroup;
			children = (
				BAD38A322E0EEDFE002410B9 /* Router */,
				7586FA462E0C665E009CEA60 /* analytics */,
				7596736F2E0848660019CD42 /* Helpers */,
				759673742E0848660019CD42 /* Models */,
				BAD38A2D2E0ED73F002410B9 /* ReviewScreen */,
				759673C02E084AF30019CD42 /* auth */,
				759673852E0848660019CD42 /* ContentScreen */,
				759673822E0848660019CD42 /* TabBarScreens */,
				759673812E0848660019CD42 /* MainTabView.swift */,
				759673992E0848660019CD42 /* Components */,
				7596739B2E0848660019CD42 /* Preview Content 2 */,
				7596736A2E082EDB0019CD42 /* MviViewModelWrapper.swift */,
				7555FF82242A565900829871 /* RootView.swift */,
				7555FF8C242A565B00829871 /* Info.plist */,
				2152FB032600AC8F00CF470E /* iOSApp.swift */,
				058557D7273AAEEB004C7B11 /* Preview Content */,
				75DF1B222DFDA7AD00F2FDF4 /* GoogleService-Info.plist */,
				759673C32E0854A10019CD42 /* Assets.xcassets */,
			);
			path = iosApp;
			sourceTree = "<group>";
		};
		7555FFB0242A642200829871 /* Frameworks */ = {
			isa = PBXGroup;
			children = (
			);
			name = Frameworks;
			sourceTree = "<group>";
		};
		7586FA462E0C665E009CEA60 /* analytics */ = {
			isa = PBXGroup;
			children = (
				7586FA472E0C666A009CEA60 /* AnalyticsImpl.swift */,
			);
			path = analytics;
			sourceTree = "<group>";
		};
		7596736F2E0848660019CD42 /* Helpers */ = {
			isa = PBXGroup;
			children = (
				BAEA93C22E0C748600DF7BB6 /* ExtFeatureError.swift */,
				7596736C2E0848660019CD42 /* ExtView.swift */,
				7596736D2E0848660019CD42 /* ExtColor.swift */,
				7596736E2E0848660019CD42 /* ImageCache.swift */,
			);
			path = Helpers;
			sourceTree = "<group>";
		};
		759673742E0848660019CD42 /* Models */ = {
			isa = PBXGroup;
			children = (
				759673702E0848660019CD42 /* ReviewModel.swift */,
				759673712E0848660019CD42 /* UserModel.swift */,
				759673722E0848660019CD42 /* ContentModel.swift */,
				759673732E0848660019CD42 /* ThemeModel.swift */,
			);
			path = Models;
			sourceTree = "<group>";
		};
		759673772E0848660019CD42 /* CustomTabBar */ = {
			isa = PBXGroup;
			children = (
				759673752E0848660019CD42 /* TabBarItemView.swift */,
				759673762E0848660019CD42 /* TabItem.swift */,
			);
			path = CustomTabBar;
			sourceTree = "<group>";
		};
		7596737A2E0848660019CD42 /* ProfileScreen */ = {
			isa = PBXGroup;
			children = (
				BAEA93C02E0C5BC900DF7BB6 /* UserInfoView.swift */,
				759673782E0848660019CD42 /* ProfileViewModel.swift */,
				759673792E0848660019CD42 /* ProfileView.swift */,
			);
			path = ProfileScreen;
			sourceTree = "<group>";
		};
		7596737D2E0848660019CD42 /* UsersScreen */ = {
			isa = PBXGroup;
			children = (
				7596737B2E0848660019CD42 /* UserListView.swift */,
				7596737C2E0848660019CD42 /* UsersViewModel.swift */,
			);
			path = UsersScreen;
			sourceTree = "<group>";
		};
		759673802E0848660019CD42 /* TopicsScreen */ = {
			isa = PBXGroup;
			children = (
				BAEA93C42E0D7A3C00DF7BB6 /* TopicView.swift */,
				7596737E2E0848660019CD42 /* ThemesView.swift */,
				7596737F2E0848660019CD42 /* ThemesViewModel.swift */,
			);
			path = TopicsScreen;
			sourceTree = "<group>";
		};
		759673822E0848660019CD42 /* TabBarScreens */ = {
			isa = PBXGroup;
			children = (
				759673772E0848660019CD42 /* CustomTabBar */,
				7596737A2E0848660019CD42 /* ProfileScreen */,
				7596737D2E0848660019CD42 /* UsersScreen */,
				759673802E0848660019CD42 /* TopicsScreen */,
			);
			path = TabBarScreens;
			sourceTree = "<group>";
		};
		759673852E0848660019CD42 /* ContentScreen */ = {
			isa = PBXGroup;
			children = (
				759673832E0848660019CD42 /* ContentListView.swift */,
				759673842E0848660019CD42 /* ContentViewModel.swift */,
			);
			path = ContentScreen;
			sourceTree = "<group>";
		};
		759673882E0848660019CD42 /* RegistrationScreen */ = {
			isa = PBXGroup;
			children = (
				759673862E0848660019CD42 /* RegViewModel.swift */,
				759673872E0848660019CD42 /* RegistrationView.swift */,
			);
			path = RegistrationScreen;
			sourceTree = "<group>";
		};
		7596738B2E0848660019CD42 /* LoginScreen */ = {
			isa = PBXGroup;
			children = (
				759673892E0848660019CD42 /* LoginView.swift */,
				7596738A2E0848660019CD42 /* LoginViewModel.swift */,
			);
			path = LoginScreen;
			sourceTree = "<group>";
		};
		759673992E0848660019CD42 /* Components */ = {
			isa = PBXGroup;
			children = (
				7596738C2E0848660019CD42 /* ErrorPlaceholderImageView.swift */,
				7596738D2E0848660019CD42 /* ContentCardView.swift */,
				7596738E2E0848660019CD42 /* ReviewCardView.swift */,
				7596738F2E0848660019CD42 /* ProfileHeaderView.swift */,
				759673902E0848660019CD42 /* AvatarImageView.swift */,
				759673912E0848660019CD42 /* CachedAsyncImage.swift */,
				759673922E0848660019CD42 /* SearchBarView.swift */,
				759673932E0848660019CD42 /* AvatarPickerView.swift */,
				759673942E0848660019CD42 /* PrimaryButton.swift */,
				759673952E0848660019CD42 /* InputField.swift */,
				759673962E0848660019CD42 /* TopicCardView.swift */,
				759673982E0848660019CD42 /* UserRowView.swift */,
			);
			path = Components;
			sourceTree = "<group>";
		};
		7596739B2E0848660019CD42 /* Preview Content 2 */ = {
			isa = PBXGroup;
			children = (
				7596739A2E0848660019CD42 /* Preview Assets.xcassets */,
			);
			path = "Preview Content 2";
			sourceTree = "<group>";
		};
		759673C02E084AF30019CD42 /* auth */ = {
			isa = PBXGroup;
			children = (
				759673C12E084B090019CD42 /* AuthView.swift */,
				759673882E0848660019CD42 /* RegistrationScreen */,
				7596738B2E0848660019CD42 /* LoginScreen */,
			);
			path = auth;
			sourceTree = "<group>";
		};
		BAD38A2D2E0ED73F002410B9 /* ReviewScreen */ = {
			isa = PBXGroup;
			children = (
				BAD38A2E2E0EDB44002410B9 /* ReviewListView.swift */,
			);
			path = ReviewScreen;
			sourceTree = "<group>";
		};
		BAD38A322E0EEDFE002410B9 /* Router */ = {
			isa = PBXGroup;
			children = (
				BAD38A332E0EEE07002410B9 /* AppRouter.swift */,
				BAD38A302E0EEDAF002410B9 /* AppRoute.swift */,
			);
			path = Router;
			sourceTree = "<group>";
		};
/* End PBXGroup section */

/* Begin PBXNativeTarget section */
		7555FF7A242A565900829871 /* iosApp */ = {
			isa = PBXNativeTarget;
			buildConfigurationList = 7555FFA5242A565B00829871 /* Build configuration list for PBXNativeTarget "iosApp" */;
			buildPhases = (
				7555FFB5242A651A00829871 /* ShellScript */,
				7555FF77242A565900829871 /* Sources */,
				7555FF78242A565900829871 /* Frameworks */,
				7555FF79242A565900829871 /* Resources */,
				7555FFB4242A642300829871 /* Embed Frameworks */,
			);
			buildRules = (
			);
			dependencies = (
			);
			name = iosApp;
			productName = iosApp;
			productReference = 7555FF7B242A565900829871 /* iosApp.app */;
			productType = "com.apple.product-type.application";
		};
/* End PBXNativeTarget section */

/* Begin PBXProject section */
		7555FF73242A565900829871 /* Project object */ = {
			isa = PBXProject;
			attributes = {
				LastSwiftUpdateCheck = 1130;
				LastUpgradeCheck = 1130;
				ORGANIZATIONNAME = orgName;
				TargetAttributes = {
					7555FF7A242A565900829871 = {
						CreatedOnToolsVersion = 11.3.1;
					};
				};
			};
			buildConfigurationList = 7555FF76242A565900829871 /* Build configuration list for PBXProject "iosApp" */;
			compatibilityVersion = "Xcode 9.3";
			developmentRegion = en;
			hasScannedForEncodings = 0;
			knownRegions = (
				en,
				Base,
			);
			mainGroup = 7555FF72242A565900829871;
			packageReferences = (
				75DF1B242DFDA84300F2FDF4 /* XCRemoteSwiftPackageReference "firebase-ios-sdk" */,
			);
			productRefGroup = 7555FF7C242A565900829871 /* Products */;
			projectDirPath = "";
			projectRoot = "";
			targets = (
				7555FF7A242A565900829871 /* iosApp */,
			);
		};
/* End PBXProject section */

/* Begin PBXResourcesBuildPhase section */
		7555FF79242A565900829871 /* Resources */ = {
			isa = PBXResourcesBuildPhase;
			buildActionMask = 2147483647;
			files = (
				7596739C2E0848660019CD42 /* Preview Assets.xcassets in Resources */,
				058557D9273AAEEB004C7B11 /* Preview Assets.xcassets in Resources */,
				754882192E08593D003A7BF0 /* Assets.xcassets in Resources */,
				75DF1B232DFDA7AD00F2FDF4 /* GoogleService-Info.plist in Resources */,
			);
			runOnlyForDeploymentPostprocessing = 0;
		};
/* End PBXResourcesBuildPhase section */

/* Begin PBXShellScriptBuildPhase section */
		7555FFB5242A651A00829871 /* ShellScript */ = {
			isa = PBXShellScriptBuildPhase;
			buildActionMask = 2147483647;
			files = (
			);
			inputFileListPaths = (
			);
			inputPaths = (
			);
			outputFileListPaths = (
			);
			outputPaths = (
			);
			runOnlyForDeploymentPostprocessing = 0;
			shellPath = /bin/sh;
			shellScript = "cd \"$SRCROOT/..\"\n./gradlew :shared:embedAndSignAppleFrameworkForXcode\n";
		};
/* End PBXShellScriptBuildPhase section */

/* Begin PBXSourcesBuildPhase section */
		7555FF77242A565900829871 /* Sources */ = {
			isa = PBXSourcesBuildPhase;
			buildActionMask = 2147483647;
			files = (
				7596739D2E0848660019CD42 /* ReviewCardView.swift in Sources */,
				7596739E2E0848660019CD42 /* AvatarImageView.swift in Sources */,
				7596739F2E0848660019CD42 /* ExtColor.swift in Sources */,
				759673A02E0848660019CD42 /* ContentCardView.swift in Sources */,
				759673A12E0848660019CD42 /* ContentViewModel.swift in Sources */,
				759673A22E0848660019CD42 /* TabBarItemView.swift in Sources */,
				759673A32E0848660019CD42 /* InputField.swift in Sources */,
				759673A42E0848660019CD42 /* ProfileView.swift in Sources */,
				759673A52E0848660019CD42 /* UserModel.swift in Sources */,
				759673A62E0848660019CD42 /* ErrorPlaceholderImageView.swift in Sources */,
				759673A72E0848660019CD42 /* RegistrationView.swift in Sources */,
				759673A82E0848660019CD42 /* ProfileHeaderView.swift in Sources */,
				BAD38A2F2E0EDB4A002410B9 /* ReviewListView.swift in Sources */,
				759673A92E0848660019CD42 /* UsersViewModel.swift in Sources */,
				759673AA2E0848660019CD42 /* RegViewModel.swift in Sources */,
				759673AB2E0848660019CD42 /* ImageCache.swift in Sources */,
				759673AC2E0848660019CD42 /* ContentModel.swift in Sources */,
				BAD38A312E0EEDB3002410B9 /* AppRoute.swift in Sources */,
				759673AD2E0848660019CD42 /* LoginViewModel.swift in Sources */,
				759673AE2E0848660019CD42 /* UserRowView.swift in Sources */,
				759673AF2E0848660019CD42 /* CachedAsyncImage.swift in Sources */,
				BAEA93C12E0C5BCE00DF7BB6 /* UserInfoView.swift in Sources */,
				759673B02E0848660019CD42 /* AvatarPickerView.swift in Sources */,
				BAD38A342E0EEE0B002410B9 /* AppRouter.swift in Sources */,
				759673B12E0848660019CD42 /* PrimaryButton.swift in Sources */,
				759673B22E0848660019CD42 /* ThemesView.swift in Sources */,
				759673B32E0848660019CD42 /* ThemesViewModel.swift in Sources */,
				759673B42E0848660019CD42 /* ProfileViewModel.swift in Sources */,
				7586FA482E0C6670009CEA60 /* AnalyticsImpl.swift in Sources */,
				BAEA93C52E0D7A5100DF7BB6 /* TopicView.swift in Sources */,
				759673B52E0848660019CD42 /* ContentListView.swift in Sources */,
				759673B62E0848660019CD42 /* TopicCardView.swift in Sources */,
				759673B72E0848660019CD42 /* ReviewModel.swift in Sources */,
				BAEA93C32E0C748E00DF7BB6 /* ExtFeatureError.swift in Sources */,
				759673B82E0848660019CD42 /* LoginView.swift in Sources */,
				759673B92E0848660019CD42 /* TabItem.swift in Sources */,
				759673C22E084B110019CD42 /* AuthView.swift in Sources */,
				759673BA2E0848660019CD42 /* ExtView.swift in Sources */,
				759673BB2E0848660019CD42 /* SearchBarView.swift in Sources */,
				759673BD2E0848660019CD42 /* ThemeModel.swift in Sources */,
				759673BE2E0848660019CD42 /* MainTabView.swift in Sources */,
				759673BF2E0848660019CD42 /* UserListView.swift in Sources */,
				2152FB042600AC8F00CF470E /* iOSApp.swift in Sources */,
				7596736B2E082EDD0019CD42 /* MviViewModelWrapper.swift in Sources */,
				7555FF83242A565900829871 /* RootView.swift in Sources */,
			);
			runOnlyForDeploymentPostprocessing = 0;
		};
/* End PBXSourcesBuildPhase section */

/* Begin XCBuildConfiguration section */
		7555FFA3242A565B00829871 /* Debug */ = {
			isa = XCBuildConfiguration;
			buildSettings = {
				ALWAYS_SEARCH_USER_PATHS = NO;
				CLANG_ANALYZER_NONNULL = YES;
				CLANG_ANALYZER_NUMBER_OBJECT_CONVERSION = YES_AGGRESSIVE;
				CLANG_CXX_LANGUAGE_STANDARD = "gnu++14";
				CLANG_CXX_LIBRARY = "libc++";
				CLANG_ENABLE_MODULES = YES;
				CLANG_ENABLE_OBJC_ARC = YES;
				CLANG_ENABLE_OBJC_WEAK = YES;
				CLANG_WARN_BLOCK_CAPTURE_AUTORELEASING = YES;
				CLANG_WARN_BOOL_CONVERSION = YES;
				CLANG_WARN_COMMA = YES;
				CLANG_WARN_CONSTANT_CONVERSION = YES;
				CLANG_WARN_DEPRECATED_OBJC_IMPLEMENTATIONS = YES;
				CLANG_WARN_DIRECT_OBJC_ISA_USAGE = YES_ERROR;
				CLANG_WARN_DOCUMENTATION_COMMENTS = YES;
				CLANG_WARN_EMPTY_BODY = YES;
				CLANG_WARN_ENUM_CONVERSION = YES;
				CLANG_WARN_INFINITE_RECURSION = YES;
				CLANG_WARN_INT_CONVERSION = YES;
				CLANG_WARN_NON_LITERAL_NULL_CONVERSION = YES;
				CLANG_WARN_OBJC_IMPLICIT_RETAIN_SELF = YES;
				CLANG_WARN_OBJC_LITERAL_CONVERSION = YES;
				CLANG_WARN_OBJC_ROOT_CLASS = YES_ERROR;
				CLANG_WARN_QUOTED_INCLUDE_IN_FRAMEWORK_HEADER = YES;
				CLANG_WARN_RANGE_LOOP_ANALYSIS = YES;
				CLANG_WARN_STRICT_PROTOTYPES = YES;
				CLANG_WARN_SUSPICIOUS_MOVE = YES;
				CLANG_WARN_UNGUARDED_AVAILABILITY = YES_AGGRESSIVE;
				CLANG_WARN_UNREACHABLE_CODE = YES;
				CLANG_WARN__DUPLICATE_METHOD_MATCH = YES;
				COPY_PHASE_STRIP = NO;
				DEBUG_INFORMATION_FORMAT = "dwarf-with-dsym";
				ENABLE_STRICT_OBJC_MSGSEND = YES;
				ENABLE_TESTABILITY = YES;
				GCC_C_LANGUAGE_STANDARD = gnu11;
				GCC_DYNAMIC_NO_PIC = NO;
				GCC_NO_COMMON_BLOCKS = YES;
				GCC_OPTIMIZATION_LEVEL = 0;
				GCC_PREPROCESSOR_DEFINITIONS = (
					"DEBUG=1",
					"$(inherited)",
				);
				GCC_WARN_64_TO_32_BIT_CONVERSION = YES;
				GCC_WARN_ABOUT_RETURN_TYPE = YES_ERROR;
				GCC_WARN_UNDECLARED_SELECTOR = YES;
				GCC_WARN_UNINITIALIZED_AUTOS = YES_AGGRESSIVE;
				GCC_WARN_UNUSED_FUNCTION = YES;
				GCC_WARN_UNUSED_VARIABLE = YES;
				IPHONEOS_DEPLOYMENT_TARGET = 14.1;
				MTL_ENABLE_DEBUG_INFO = INCLUDE_SOURCE;
				MTL_FAST_MATH = YES;
				ONLY_ACTIVE_ARCH = YES;
				SDKROOT = iphoneos;
				SWIFT_ACTIVE_COMPILATION_CONDITIONS = DEBUG;
				SWIFT_OPTIMIZATION_LEVEL = "-Onone";
			};
			name = Debug;
		};
		7555FFA4242A565B00829871 /* Release */ = {
			isa = XCBuildConfiguration;
			buildSettings = {
				ALWAYS_SEARCH_USER_PATHS = NO;
				CLANG_ANALYZER_NONNULL = YES;
				CLANG_ANALYZER_NUMBER_OBJECT_CONVERSION = YES_AGGRESSIVE;
				CLANG_CXX_LANGUAGE_STANDARD = "gnu++14";
				CLANG_CXX_LIBRARY = "libc++";
				CLANG_ENABLE_MODULES = YES;
				CLANG_ENABLE_OBJC_ARC = YES;
				CLANG_ENABLE_OBJC_WEAK = YES;
				CLANG_WARN_BLOCK_CAPTURE_AUTORELEASING = YES;
				CLANG_WARN_BOOL_CONVERSION = YES;
				CLANG_WARN_COMMA = YES;
				CLANG_WARN_CONSTANT_CONVERSION = YES;
				CLANG_WARN_DEPRECATED_OBJC_IMPLEMENTATIONS = YES;
				CLANG_WARN_DIRECT_OBJC_ISA_USAGE = YES_ERROR;
				CLANG_WARN_DOCUMENTATION_COMMENTS = YES;
				CLANG_WARN_EMPTY_BODY = YES;
				CLANG_WARN_ENUM_CONVERSION = YES;
				CLANG_WARN_INFINITE_RECURSION = YES;
				CLANG_WARN_INT_CONVERSION = YES;
				CLANG_WARN_NON_LITERAL_NULL_CONVERSION = YES;
				CLANG_WARN_OBJC_IMPLICIT_RETAIN_SELF = YES;
				CLANG_WARN_OBJC_LITERAL_CONVERSION = YES;
				CLANG_WARN_OBJC_ROOT_CLASS = YES_ERROR;
				CLANG_WARN_QUOTED_INCLUDE_IN_FRAMEWORK_HEADER = YES;
				CLANG_WARN_RANGE_LOOP_ANALYSIS = YES;
				CLANG_WARN_STRICT_PROTOTYPES = YES;
				CLANG_WARN_SUSPICIOUS_MOVE = YES;
				CLANG_WARN_UNGUARDED_AVAILABILITY = YES_AGGRESSIVE;
				CLANG_WARN_UNREACHABLE_CODE = YES;
				CLANG_WARN__DUPLICATE_METHOD_MATCH = YES;
				COPY_PHASE_STRIP = NO;
				DEBUG_INFORMATION_FORMAT = "dwarf-with-dsym";
				ENABLE_NS_ASSERTIONS = NO;
				ENABLE_STRICT_OBJC_MSGSEND = YES;
				GCC_C_LANGUAGE_STANDARD = gnu11;
				GCC_NO_COMMON_BLOCKS = YES;
				GCC_WARN_64_TO_32_BIT_CONVERSION = YES;
				GCC_WARN_ABOUT_RETURN_TYPE = YES_ERROR;
				GCC_WARN_UNDECLARED_SELECTOR = YES;
				GCC_WARN_UNINITIALIZED_AUTOS = YES_AGGRESSIVE;
				GCC_WARN_UNUSED_FUNCTION = YES;
				GCC_WARN_UNUSED_VARIABLE = YES;
				IPHONEOS_DEPLOYMENT_TARGET = 14.1;
				MTL_ENABLE_DEBUG_INFO = NO;
				MTL_FAST_MATH = YES;
				SDKROOT = iphoneos;
				SWIFT_COMPILATION_MODE = wholemodule;
				SWIFT_OPTIMIZATION_LEVEL = "-O";
				VALIDATE_PRODUCT = YES;
			};
			name = Release;
		};
		7555FFA6242A565B00829871 /* Debug */ = {
			isa = XCBuildConfiguration;
			buildSettings = {
				ASSETCATALOG_COMPILER_APPICON_NAME = AppIcon;
				"ASSETCATALOG_COMPILER_APPICON_NAME[sdk=iphoneos*]" = AppIcon;
				ASSETCATALOG_COMPILER_INCLUDE_ALL_APPICON_ASSETS = YES;
				CODE_SIGN_STYLE = Automatic;
				DEVELOPMENT_ASSET_PATHS = "\"iosApp/Preview Content\"";
				ENABLE_PREVIEWS = YES;
				FRAMEWORK_SEARCH_PATHS = (
					"$(inherited)",
					"$(SRCROOT)/../shared/build/xcode-frameworks/$(CONFIGURATION)/$(SDK_NAME)",
				);
				INFOPLIST_FILE = iosApp/Info.plist;
				IPHONEOS_DEPLOYMENT_TARGET = 16.0;
				LD_RUNPATH_SEARCH_PATHS = (
					"$(inherited)",
					"@executable_path/Frameworks",
				);
				OTHER_LDFLAGS = (
					"$(inherited)",
					"-framework",
					shared,
				);
				PRODUCT_BUNDLE_IDENTIFIER = org.content.iosApp;
				PRODUCT_NAME = "$(TARGET_NAME)";
				SWIFT_VERSION = 5.0;
				TARGETED_DEVICE_FAMILY = "1,2";
			};
			name = Debug;
		};
		7555FFA7242A565B00829871 /* Release */ = {
			isa = XCBuildConfiguration;
			buildSettings = {
				ASSETCATALOG_COMPILER_APPICON_NAME = AppIcon;
				"ASSETCATALOG_COMPILER_APPICON_NAME[sdk=iphoneos*]" = AppIcon;
				ASSETCATALOG_COMPILER_INCLUDE_ALL_APPICON_ASSETS = YES;
				CODE_SIGN_STYLE = Automatic;
				DEVELOPMENT_ASSET_PATHS = "\"iosApp/Preview Content\"";
				ENABLE_PREVIEWS = YES;
				FRAMEWORK_SEARCH_PATHS = (
					"$(inherited)",
					"$(SRCROOT)/../shared/build/xcode-frameworks/$(CONFIGURATION)/$(SDK_NAME)",
				);
				INFOPLIST_FILE = iosApp/Info.plist;
				IPHONEOS_DEPLOYMENT_TARGET = 16.0;
				LD_RUNPATH_SEARCH_PATHS = (
					"$(inherited)",
					"@executable_path/Frameworks",
				);
				OTHER_LDFLAGS = (
					"$(inherited)",
					"-framework",
					shared,
				);
				PRODUCT_BUNDLE_IDENTIFIER = org.content.iosApp;
				PRODUCT_NAME = "$(TARGET_NAME)";
				SWIFT_VERSION = 5.0;
				TARGETED_DEVICE_FAMILY = "1,2";
			};
			name = Release;
		};
/* End XCBuildConfiguration section */

/* Begin XCConfigurationList section */
		7555FF76242A565900829871 /* Build configuration list for PBXProject "iosApp" */ = {
			isa = XCConfigurationList;
			buildConfigurations = (
				7555FFA3242A565B00829871 /* Debug */,
				7555FFA4242A565B00829871 /* Release */,
			);
			defaultConfigurationIsVisible = 0;
			defaultConfigurationName = Release;
		};
		7555FFA5242A565B00829871 /* Build configuration list for PBXNativeTarget "iosApp" */ = {
			isa = XCConfigurationList;
			buildConfigurations = (
				7555FFA6242A565B00829871 /* Debug */,
				7555FFA7242A565B00829871 /* Release */,
			);
			defaultConfigurationIsVisible = 0;
			defaultConfigurationName = Release;
		};
/* End XCConfigurationList section */

/* Begin XCRemoteSwiftPackageReference section */
		75DF1B242DFDA84300F2FDF4 /* XCRemoteSwiftPackageReference "firebase-ios-sdk" */ = {
			isa = XCRemoteSwiftPackageReference;
			repositoryURL = "https://github.com/firebase/firebase-ios-sdk";
			requirement = {
				kind = upToNextMajorVersion;
				minimumVersion = 11.14.0;
			};
		};
/* End XCRemoteSwiftPackageReference section */

/* Begin XCSwiftPackageProductDependency section */
		7586FA492E0C6707009CEA60 /* FirebaseAnalytics */ = {
			isa = XCSwiftPackageProductDependency;
			productName = FirebaseAnalytics;
		};
		7586FA4B2E0C6707009CEA60 /* FirebaseAnalyticsCore */ = {
			isa = XCSwiftPackageProductDependency;
			productName = FirebaseAnalyticsCore;
		};
		75DF1B252DFDA84300F2FDF4 /* FirebaseAnalytics */ = {
			isa = XCSwiftPackageProductDependency;
			package = 75DF1B242DFDA84300F2FDF4 /* XCRemoteSwiftPackageReference "firebase-ios-sdk" */;
			productName = FirebaseAnalytics;
		};
		75DF1B272DFDA84300F2FDF4 /* FirebaseCrashlytics */ = {
			isa = XCSwiftPackageProductDependency;
			package = 75DF1B242DFDA84300F2FDF4 /* XCRemoteSwiftPackageReference "firebase-ios-sdk" */;
			productName = FirebaseCrashlytics;
		};
/* End XCSwiftPackageProductDependency section */
	};
	rootObject = 7555FF73242A565900829871 /* Project object */;
}
